
Microsoft Visual Studio Solution File, Format Version 12.00
# Visual Studio 15
VisualStudioVersion = 15.0.26430.14
MinimumVisualStudioVersion = 10.0.40219.1
Project("{FAE04EC0-301F-11D3-BF4B-00C04F79EFBC}") = "LuaAdv", "LuaAdv\LuaAdv.csproj", "{055DC8C4-1853-43FF-A298-9E70577BEE7D}"
EndProject
Project("{FAE04EC0-301F-11D3-BF4B-00C04F79EFBC}") = "LuaAdvTests", "LuaAdvTests\LuaAdvTests.csproj", "{3E80ACE0-595A-4439-9274-F4DF9FEF9A0B}"
EndProject
Project("{FAE04EC0-301F-11D3-BF4B-00C04F79EFBC}") = "LuaAdvAppTest", "LuaAdvAppTest\LuaAdvAppTest.csproj", "{9460EAA5-46AE-43B0-8586-C3F1A0907DCB}"
EndProject
Project("{FAE04EC0-301F-11D3-BF4B-00C04F79EFBC}") = "LuaAdvWatcher", "LuaAdvWatcher\LuaAdvWatcher.csproj", "{4F904F4C-EDAC-4CF0-A8CA-6E74D0364AF7}"
EndProject
Project("{FAE04EC0-301F-11D3-BF4B-00C04F79EFBC}") = "LuaAdvCLI", "LuaAdvCLI\LuaAdvCLI.csproj", "{BFCB64ED-978B-483C-941E-142E7A5D34CF}"
EndProject
Global
	GlobalSection(SolutionConfigurationPlatforms) = preSolution
		Debug|Any CPU = Debug|Any CPU
		Release|Any CPU = Release|Any CPU
	EndGlobalSection
	GlobalSection(ProjectConfigurationPlatforms) = postSolution
		{055DC8C4-1853-43FF-A298-9E70577BEE7D}.Debug|Any CPU.ActiveCfg = Debug|Any CPU
		{055DC8C4-1853-43FF-A298-9E70577BEE7D}.Debug|Any CPU.Build.0 = Debug|Any CPU
		{055DC8C4-1853-43FF-A298-9E70577BEE7D}.Release|Any CPU.ActiveCfg = Release|Any CPU
		{055DC8C4-1853-43FF-A298-9E70577BEE7D}.Release|Any CPU.Build.0 = Release|Any CPU
		{3E80ACE0-595A-4439-9274-F4DF9FEF9A0B}.Debug|Any CPU.ActiveCfg = Debug|Any CPU
		{3E80ACE0-595A-4439-9274-F4DF9FEF9A0B}.Debug|Any CPU.Build.0 = Debug|Any CPU
		{3E80ACE0-595A-4439-9274-F4DF9FEF9A0B}.Release|Any CPU.ActiveCfg = Release|Any CPU
		{3E80ACE0-595A-4439-9274-F4DF9FEF9A0B}.Release|Any CPU.Build.0 = Release|Any CPU
		{9460EAA5-46AE-43B0-8586-C3F1A0907DCB}.Debug|Any CPU.ActiveCfg = Debug|Any CPU
		{9460EAA5-46AE-43B0-8586-C3F1A0907DCB}.Debug|Any CPU.Build.0 = Debug|Any CPU
		{9460EAA5-46AE-43B0-8586-C3F1A0907DCB}.Release|Any CPU.ActiveCfg = Release|Any CPU
		{9460EAA5-46AE-43B0-8586-C3F1A0907DCB}.Release|Any CPU.Build.0 = Release|Any CPU
		{4F904F4C-EDAC-4CF0-A8CA-6E74D0364AF7}.Debug|Any CPU.ActiveCfg = Debug|Any CPU
		{4F904F4C-EDAC-4CF0-A8CA-6E74D0364AF7}.Debug|Any CPU.Build.0 = Debug|Any CPU
		{4F904F4C-EDAC-4CF0-A8CA-6E74D0364AF7}.Release|Any CPU.ActiveCfg = Release|Any CPU
		{4F904F4C-EDAC-4CF0-A8CA-6E74D0364AF7}.Release|Any CPU.Build.0 = Release|Any CPU
		{BFCB64ED-978B-483C-941E-142E7A5D34CF}.Debug|Any CPU.ActiveCfg = Debug|Any CPU
		{BFCB64ED-978B-483C-941E-142E7A5D34CF}.Debug|Any CPU.Build.0 = Debug|Any CPU
		{BFCB64ED-978B-483C-941E-142E7A5D34CF}.Release|Any CPU.ActiveCfg = Release|Any CPU
		{BFCB64ED-978B-483C-941E-142E7A5D34CF}.Release|Any CPU.Build.0 = Release|Any CPU
	EndGlobalSection
	GlobalSection(SolutionProperties) = preSolution
		HideSolutionNode = FALSE
	EndGlobalSection
EndGlobal
